github.com/hadrielwonda/outcomex v0.0.0-20250502193517-186d299b1671 h1:A+nLgB6o/4u5E3Gxwu9IbVNulrrlNPJG2qOq+ycNK5E=
github.com/hadrielwonda/outcomex v0.0.0-20250502193517-186d299b1671/go.mod h1:itrsPxJqCSn97uLrv3abjYnY1VwwoIRI9cFXWTCpeIE=
golang.org/x/sync v0.13.0 h1:AauUjRAJ9OSnvULf/ARrrVywoJDy0YS2AwQ98I37610=
golang.org/x/sync v0.13.0/go.mod h1:1dzgHSNfp02xaA81J2MS99Qcpr2w7fw1gpm99rleRqA=
